
Microsoft Visual Studio Solution File, Format Version 12.00
# Visual Studio Version 16
VisualStudioVersion = 16.0.31005.135
MinimumVisualStudioVersion = 10.0.40219.1
Project("{FAE04EC0-301F-11D3-BF4B-00C04F79EFBC}") = "Remi4", "Remi4\Remi4.csproj", "{C6813FB2-DD15-4F6F-A42E-916F2D69DC63}"
EndProject
Global
	GlobalSection(SolutionConfigurationPlatforms) = preSolution
		Debug|Any CPU = Debug|Any CPU
		Release|Any CPU = Release|Any CPU
	EndGlobalSection
	GlobalSection(ProjectConfigurationPlatforms) = postSolution
		{C6813FB2-DD15-4F6F-A42E-916F2D69DC63}.Debug|Any CPU.ActiveCfg = Debug|Any CPU
		{C6813FB2-DD15-4F6F-A42E-916F2D69DC63}.Debug|Any CPU.Build.0 = Debug|Any CPU
		{C6813FB2-DD15-4F6F-A42E-916F2D69DC63}.Release|Any CPU.ActiveCfg = Release|Any CPU
		{C6813FB2-DD15-4F6F-A42E-916F2D69DC63}.Release|Any CPU.Build.0 = Release|Any CPU
	EndGlobalSection
	GlobalSection(SolutionProperties) = preSolution
		HideSolutionNode = FALSE
	EndGlobalSection
	GlobalSection(ExtensibilityGlobals) = postSolution
		SolutionGuid = {E0D207DC-6D18-4556-801F-FE2BE9CC78F1}
	EndGlobalSection
EndGlobal
